// !$*UTF8*$!
{
	archiveVersion = 1;
	classes = {
	};
	objectVersion = 56;
	objects = {

/* Begin PBXBuildFile section */
		29CDCF352AE16DCE00D43689 /* CambioAppApp.swift in Sources */ = {isa = PBXBuildFile; fileRef = 29CDCF342AE16DCE00D43689 /* CambioAppApp.swift */; };
		29CDCF372AE16DCE00D43689 /* ContentView.swift in Sources */ = {isa = PBXBuildFile; fileRef = 29CDCF362AE16DCE00D43689 /* ContentView.swift */; };
		29CDCF392AE16DCF00D43689 /* Assets.xcassets in Resources */ = {isa = PBXBuildFile; fileRef = 29CDCF382AE16DCF00D43689 /* Assets.xcassets */; };
		29CDCF3C2AE16DCF00D43689 /* Preview Assets.xcassets in Resources */ = {isa = PBXBuildFile; fileRef = 29CDCF3B2AE16DCF00D43689 /* Preview Assets.xcassets */; };
		29CDCF462AE16EE700D43689 /* RatesApi.swift in Sources */ = {isa = PBXBuildFile; fileRef = 29CDCF452AE16EE700D43689 /* RatesApi.swift */; };
		29CDCF492AE1A05E00D43689 /* RatesRouter.swift in Sources */ = {isa = PBXBuildFile; fileRef = 29CDCF482AE1A05E00D43689 /* RatesRouter.swift */; };
		29CDCF4B2AE1A08000D43689 /* CurrencyRouter.swift in Sources */ = {isa = PBXBuildFile; fileRef = 29CDCF4A2AE1A08000D43689 /* CurrencyRouter.swift */; };
		29CDCF4E2AE1A84E00D43689 /* BaseStore.swift in Sources */ = {isa = PBXBuildFile; fileRef = 29CDCF4D2AE1A84E00D43689 /* BaseStore.swift */; };
		29CDCF512AE1A99A00D43689 /* RatesFluctuationObject.swift in Sources */ = {isa = PBXBuildFile; fileRef = 29CDCF502AE1A99A00D43689 /* RatesFluctuationObject.swift */; };
		29CDCF532AE1AD7100D43689 /* CurrencySymbolObject.swift in Sources */ = {isa = PBXBuildFile; fileRef = 29CDCF522AE1AD7100D43689 /* CurrencySymbolObject.swift */; };
		29CDCF552AE1ADE300D43689 /* RatesHistoricalObject.swift in Sources */ = {isa = PBXBuildFile; fileRef = 29CDCF542AE1ADE300D43689 /* RatesHistoricalObject.swift */; };
		29CDCF582AE1B3A600D43689 /* RateStore.swift in Sources */ = {isa = PBXBuildFile; fileRef = 29CDCF572AE1B3A600D43689 /* RateStore.swift */; };
		29CDCF5A2AE1B61C00D43689 /* CurrencyStore.swift in Sources */ = {isa = PBXBuildFile; fileRef = 29CDCF592AE1B61C00D43689 /* CurrencyStore.swift */; };
		29CDCF5C2AE1B76B00D43689 /* DataProviderMenager.swift in Sources */ = {isa = PBXBuildFile; fileRef = 29CDCF5B2AE1B76B00D43689 /* DataProviderMenager.swift */; };
		29CDCF5F2AE1B8D100D43689 /* RatesFluctuationDataProvider.swift in Sources */ = {isa = PBXBuildFile; fileRef = 29CDCF5E2AE1B8D100D43689 /* RatesFluctuationDataProvider.swift */; };
		29CDCF612AE1BA4A00D43689 /* RateHistoricalDataProvider.swift in Sources */ = {isa = PBXBuildFile; fileRef = 29CDCF602AE1BA4A00D43689 /* RateHistoricalDataProvider.swift */; };
		29CDCF632AE1BB8A00D43689 /* CurrencySymbolsDataProvider.swift in Sources */ = {isa = PBXBuildFile; fileRef = 29CDCF622AE1BB8A00D43689 /* CurrencySymbolsDataProvider.swift */; };
		29CDCF662AE1BE8A00D43689 /* RatesFluctuationView.swift in Sources */ = {isa = PBXBuildFile; fileRef = 29CDCF652AE1BE8A00D43689 /* RatesFluctuationView.swift */; };
		29CDCF682AE29D4800D43689 /* Extensions.swift in Sources */ = {isa = PBXBuildFile; fileRef = 29CDCF672AE29D4800D43689 /* Extensions.swift */; };
		29CDCF6A2AE2A57F00D43689 /* RateFluctuationDetailView.swift in Sources */ = {isa = PBXBuildFile; fileRef = 29CDCF692AE2A57F00D43689 /* RateFluctuationDetailView.swift */; };
		29CDCF6D2AE2A85F00D43689 /* TimeRangeEnum.swift in Sources */ = {isa = PBXBuildFile; fileRef = 29CDCF6C2AE2A85F00D43689 /* TimeRangeEnum.swift */; };
/* End PBXBuildFile section */

/* Begin PBXFileReference section */
		29CDCF312AE16DCE00D43689 /* CambioApp.app */ = {isa = PBXFileReference; explicitFileType = wrapper.application; includeInIndex = 0; path = CambioApp.app; sourceTree = BUILT_PRODUCTS_DIR; };
		29CDCF342AE16DCE00D43689 /* CambioAppApp.swift */ = {isa = PBXFileReference; lastKnownFileType = sourcecode.swift; path = CambioAppApp.swift; sourceTree = "<group>"; };
		29CDCF362AE16DCE00D43689 /* ContentView.swift */ = {isa = PBXFileReference; lastKnownFileType = sourcecode.swift; path = ContentView.swift; sourceTree = "<group>"; };
		29CDCF382AE16DCF00D43689 /* Assets.xcassets */ = {isa = PBXFileReference; lastKnownFileType = folder.assetcatalog; path = Assets.xcassets; sourceTree = "<group>"; };
		29CDCF3B2AE16DCF00D43689 /* Preview Assets.xcassets */ = {isa = PBXFileReference; lastKnownFileType = folder.assetcatalog; path = "Preview Assets.xcassets"; sourceTree = "<group>"; };
		29CDCF452AE16EE700D43689 /* RatesApi.swift */ = {isa = PBXFileReference; lastKnownFileType = sourcecode.swift; path = RatesApi.swift; sourceTree = "<group>"; };
		29CDCF482AE1A05E00D43689 /* RatesRouter.swift */ = {isa = PBXFileReference; lastKnownFileType = sourcecode.swift; path = RatesRouter.swift; sourceTree = "<group>"; };
		29CDCF4A2AE1A08000D43689 /* CurrencyRouter.swift */ = {isa = PBXFileReference; lastKnownFileType = sourcecode.swift; path = CurrencyRouter.swift; sourceTree = "<group>"; };
		29CDCF4D2AE1A84E00D43689 /* BaseStore.swift */ = {isa = PBXFileReference; lastKnownFileType = sourcecode.swift; path = BaseStore.swift; sourceTree = "<group>"; };
		29CDCF502AE1A99A00D43689 /* RatesFluctuationObject.swift */ = {isa = PBXFileReference; lastKnownFileType = sourcecode.swift; path = RatesFluctuationObject.swift; sourceTree = "<group>"; };
		29CDCF522AE1AD7100D43689 /* CurrencySymbolObject.swift */ = {isa = PBXFileReference; lastKnownFileType = sourcecode.swift; path = CurrencySymbolObject.swift; sourceTree = "<group>"; };
		29CDCF542AE1ADE300D43689 /* RatesHistoricalObject.swift */ = {isa = PBXFileReference; lastKnownFileType = sourcecode.swift; path = RatesHistoricalObject.swift; sourceTree = "<group>"; };
		29CDCF572AE1B3A600D43689 /* RateStore.swift */ = {isa = PBXFileReference; lastKnownFileType = sourcecode.swift; path = RateStore.swift; sourceTree = "<group>"; };
		29CDCF592AE1B61C00D43689 /* CurrencyStore.swift */ = {isa = PBXFileReference; lastKnownFileType = sourcecode.swift; path = CurrencyStore.swift; sourceTree = "<group>"; };
		29CDCF5B2AE1B76B00D43689 /* DataProviderMenager.swift */ = {isa = PBXFileReference; lastKnownFileType = sourcecode.swift; path = DataProviderMenager.swift; sourceTree = "<group>"; };
		29CDCF5E2AE1B8D100D43689 /* RatesFluctuationDataProvider.swift */ = {isa = PBXFileReference; lastKnownFileType = sourcecode.swift; path = RatesFluctuationDataProvider.swift; sourceTree = "<group>"; };
		29CDCF602AE1BA4A00D43689 /* RateHistoricalDataProvider.swift */ = {isa = PBXFileReference; lastKnownFileType = sourcecode.swift; path = RateHistoricalDataProvider.swift; sourceTree = "<group>"; };
		29CDCF622AE1BB8A00D43689 /* CurrencySymbolsDataProvider.swift */ = {isa = PBXFileReference; lastKnownFileType = sourcecode.swift; path = CurrencySymbolsDataProvider.swift; sourceTree = "<group>"; };
		29CDCF652AE1BE8A00D43689 /* RatesFluctuationView.swift */ = {isa = PBXFileReference; lastKnownFileType = sourcecode.swift; path = RatesFluctuationView.swift; sourceTree = "<group>"; };
		29CDCF672AE29D4800D43689 /* Extensions.swift */ = {isa = PBXFileReference; lastKnownFileType = sourcecode.swift; path = Extensions.swift; sourceTree = "<group>"; };
		29CDCF692AE2A57F00D43689 /* RateFluctuationDetailView.swift */ = {isa = PBXFileReference; lastKnownFileType = sourcecode.swift; path = RateFluctuationDetailView.swift; sourceTree = "<group>"; };
		29CDCF6C2AE2A85F00D43689 /* TimeRangeEnum.swift */ = {isa = PBXFileReference; lastKnownFileType = sourcecode.swift; path = TimeRangeEnum.swift; sourceTree = "<group>"; };
/* End PBXFileReference section */

/* Begin PBXFrameworksBuildPhase section */
		29CDCF2E2AE16DCE00D43689 /* Frameworks */ = {
			isa = PBXFrameworksBuildPhase;
			buildActionMask = 2147483647;
			files = (
			);
			runOnlyForDeploymentPostprocessing = 0;
		};
/* End PBXFrameworksBuildPhase section */

/* Begin PBXGroup section */
		29CDCF282AE16DCE00D43689 = {
			isa = PBXGroup;
			children = (
				29CDCF332AE16DCE00D43689 /* CambioApp */,
				29CDCF322AE16DCE00D43689 /* Products */,
			);
			sourceTree = "<group>";
		};
		29CDCF322AE16DCE00D43689 /* Products */ = {
			isa = PBXGroup;
			children = (
				29CDCF312AE16DCE00D43689 /* CambioApp.app */,
			);
			name = Products;
			sourceTree = "<group>";
		};
		29CDCF332AE16DCE00D43689 /* CambioApp */ = {
			isa = PBXGroup;
			children = (
				29CDCF6B2AE2A84C00D43689 /* Models */,
				29CDCF642AE1BE5D00D43689 /* Views */,
				29CDCF422AE16E8500D43689 /* DataProviders */,
				29CDCF342AE16DCE00D43689 /* CambioAppApp.swift */,
				29CDCF382AE16DCF00D43689 /* Assets.xcassets */,
				29CDCF3A2AE16DCF00D43689 /* Preview Content */,
				29CDCF672AE29D4800D43689 /* Extensions.swift */,
			);
			path = CambioApp;
			sourceTree = "<group>";
		};
		29CDCF3A2AE16DCF00D43689 /* Preview Content */ = {
			isa = PBXGroup;
			children = (
				29CDCF3B2AE16DCF00D43689 /* Preview Assets.xcassets */,
			);
			path = "Preview Content";
			sourceTree = "<group>";
		};
		29CDCF422AE16E8500D43689 /* DataProviders */ = {
			isa = PBXGroup;
			children = (
				29CDCF5D2AE1B8AC00D43689 /* RatesDataProvider */,
				29CDCF432AE16EA100D43689 /* NetworkRepository */,
				29CDCF5B2AE1B76B00D43689 /* DataProviderMenager.swift */,
			);
			path = DataProviders;
			sourceTree = "<group>";
		};
		29CDCF432AE16EA100D43689 /* NetworkRepository */ = {
			isa = PBXGroup;
			children = (
				29CDCF4F2AE1A93600D43689 /* Objects */,
				29CDCF4C2AE1A82E00D43689 /* Stores */,
				29CDCF472AE1A03B00D43689 /* Routers */,
				29CDCF442AE16EBD00D43689 /* APIs */,
			);
			path = NetworkRepository;
			sourceTree = "<group>";
		};
		29CDCF442AE16EBD00D43689 /* APIs */ = {
			isa = PBXGroup;
			children = (
				29CDCF452AE16EE700D43689 /* RatesApi.swift */,
			);
			path = APIs;
			sourceTree = "<group>";
		};
		29CDCF472AE1A03B00D43689 /* Routers */ = {
			isa = PBXGroup;
			children = (
				29CDCF482AE1A05E00D43689 /* RatesRouter.swift */,
				29CDCF4A2AE1A08000D43689 /* CurrencyRouter.swift */,
			);
			path = Routers;
			sourceTree = "<group>";
		};
		29CDCF4C2AE1A82E00D43689 /* Stores */ = {
			isa = PBXGroup;
			children = (
				29CDCF4D2AE1A84E00D43689 /* BaseStore.swift */,
				29CDCF572AE1B3A600D43689 /* RateStore.swift */,
				29CDCF592AE1B61C00D43689 /* CurrencyStore.swift */,
			);
			path = Stores;
			sourceTree = "<group>";
		};
		29CDCF4F2AE1A93600D43689 /* Objects */ = {
			isa = PBXGroup;
			children = (
				29CDCF502AE1A99A00D43689 /* RatesFluctuationObject.swift */,
				29CDCF522AE1AD7100D43689 /* CurrencySymbolObject.swift */,
				29CDCF542AE1ADE300D43689 /* RatesHistoricalObject.swift */,
			);
			path = Objects;
			sourceTree = "<group>";
		};
		29CDCF5D2AE1B8AC00D43689 /* RatesDataProvider */ = {
			isa = PBXGroup;
			children = (
				29CDCF5E2AE1B8D100D43689 /* RatesFluctuationDataProvider.swift */,
				29CDCF602AE1BA4A00D43689 /* RateHistoricalDataProvider.swift */,
				29CDCF622AE1BB8A00D43689 /* CurrencySymbolsDataProvider.swift */,
			);
			path = RatesDataProvider;
			sourceTree = "<group>";
		};
		29CDCF642AE1BE5D00D43689 /* Views */ = {
			isa = PBXGroup;
			children = (
				29CDCF362AE16DCE00D43689 /* ContentView.swift */,
				29CDCF652AE1BE8A00D43689 /* RatesFluctuationView.swift */,
				29CDCF692AE2A57F00D43689 /* RateFluctuationDetailView.swift */,
			);
			path = Views;
			sourceTree = "<group>";
		};
		29CDCF6B2AE2A84C00D43689 /* Models */ = {
			isa = PBXGroup;
			children = (
				29CDCF6C2AE2A85F00D43689 /* TimeRangeEnum.swift */,
			);
			path = Models;
			sourceTree = "<group>";
		};
/* End PBXGroup section */

/* Begin PBXNativeTarget section */
		29CDCF302AE16DCE00D43689 /* CambioApp */ = {
			isa = PBXNativeTarget;
			buildConfigurationList = 29CDCF3F2AE16DCF00D43689 /* Build configuration list for PBXNativeTarget "CambioApp" */;
			buildPhases = (
				29CDCF2D2AE16DCE00D43689 /* Sources */,
				29CDCF2E2AE16DCE00D43689 /* Frameworks */,
				29CDCF2F2AE16DCE00D43689 /* Resources */,
			);
			buildRules = (
			);
			dependencies = (
			);
			name = CambioApp;
			productName = CambioApp;
			productReference = 29CDCF312AE16DCE00D43689 /* CambioApp.app */;
			productType = "com.apple.product-type.application";
		};
/* End PBXNativeTarget section */

/* Begin PBXProject section */
		29CDCF292AE16DCE00D43689 /* Project object */ = {
			isa = PBXProject;
			attributes = {
				BuildIndependentTargetsInParallel = 1;
				LastSwiftUpdateCheck = 1430;
				LastUpgradeCheck = 1430;
				TargetAttributes = {
					29CDCF302AE16DCE00D43689 = {
						CreatedOnToolsVersion = 14.3.1;
					};
				};
			};
			buildConfigurationList = 29CDCF2C2AE16DCE00D43689 /* Build configuration list for PBXProject "CambioApp" */;
			compatibilityVersion = "Xcode 14.0";
			developmentRegion = en;
			hasScannedForEncodings = 0;
			knownRegions = (
				en,
				Base,
			);
			mainGroup = 29CDCF282AE16DCE00D43689;
			productRefGroup = 29CDCF322AE16DCE00D43689 /* Products */;
			projectDirPath = "";
			projectRoot = "";
			targets = (
				29CDCF302AE16DCE00D43689 /* CambioApp */,
			);
		};
/* End PBXProject section */

/* Begin PBXResourcesBuildPhase section */
		29CDCF2F2AE16DCE00D43689 /* Resources */ = {
			isa = PBXResourcesBuildPhase;
			buildActionMask = 2147483647;
			files = (
				29CDCF3C2AE16DCF00D43689 /* Preview Assets.xcassets in Resources */,
				29CDCF392AE16DCF00D43689 /* Assets.xcassets in Resources */,
			);
			runOnlyForDeploymentPostprocessing = 0;
		};
/* End PBXResourcesBuildPhase section */

/* Begin PBXSourcesBuildPhase section */
		29CDCF2D2AE16DCE00D43689 /* Sources */ = {
			isa = PBXSourcesBuildPhase;
			buildActionMask = 2147483647;
			files = (
				29CDCF4B2AE1A08000D43689 /* CurrencyRouter.swift in Sources */,
				29CDCF492AE1A05E00D43689 /* RatesRouter.swift in Sources */,
				29CDCF4E2AE1A84E00D43689 /* BaseStore.swift in Sources */,
				29CDCF552AE1ADE300D43689 /* RatesHistoricalObject.swift in Sources */,
				29CDCF372AE16DCE00D43689 /* ContentView.swift in Sources */,
				29CDCF582AE1B3A600D43689 /* RateStore.swift in Sources */,
				29CDCF612AE1BA4A00D43689 /* RateHistoricalDataProvider.swift in Sources */,
				29CDCF352AE16DCE00D43689 /* CambioAppApp.swift in Sources */,
				29CDCF532AE1AD7100D43689 /* CurrencySymbolObject.swift in Sources */,
				29CDCF5C2AE1B76B00D43689 /* DataProviderMenager.swift in Sources */,
				29CDCF632AE1BB8A00D43689 /* CurrencySymbolsDataProvider.swift in Sources */,
				29CDCF512AE1A99A00D43689 /* RatesFluctuationObject.swift in Sources */,
				29CDCF6A2AE2A57F00D43689 /* RateFluctuationDetailView.swift in Sources */,
				29CDCF462AE16EE700D43689 /* RatesApi.swift in Sources */,
				29CDCF662AE1BE8A00D43689 /* RatesFluctuationView.swift in Sources */,
				29CDCF682AE29D4800D43689 /* Extensions.swift in Sources */,
				29CDCF6D2AE2A85F00D43689 /* TimeRangeEnum.swift in Sources */,
				29CDCF5F2AE1B8D100D43689 /* RatesFluctuationDataProvider.swift in Sources */,
				29CDCF5A2AE1B61C00D43689 /* CurrencyStore.swift in Sources */,
			);
			runOnlyForDeploymentPostprocessing = 0;
		};
/* End PBXSourcesBuildPhase section */

/* Begin XCBuildConfiguration section */
		29CDCF3D2AE16DCF00D43689 /* Debug */ = {
			isa = XCBuildConfiguration;
			buildSettings = {
				ALWAYS_SEARCH_USER_PATHS = NO;
				CLANG_ANALYZER_NONNULL = YES;
				CLANG_ANALYZER_NUMBER_OBJECT_CONVERSION = YES_AGGRESSIVE;
				CLANG_CXX_LANGUAGE_STANDARD = "gnu++20";
				CLANG_ENABLE_MODULES = YES;
				CLANG_ENABLE_OBJC_ARC = YES;
				CLANG_ENABLE_OBJC_WEAK = YES;
				CLANG_WARN_BLOCK_CAPTURE_AUTORELEASING = YES;
				CLANG_WARN_BOOL_CONVERSION = YES;
				CLANG_WARN_COMMA = YES;
				CLANG_WARN_CONSTANT_CONVERSION = YES;
				CLANG_WARN_DEPRECATED_OBJC_IMPLEMENTATIONS = YES;
				CLANG_WARN_DIRECT_OBJC_ISA_USAGE = YES_ERROR;
				CLANG_WARN_DOCUMENTATION_COMMENTS = YES;
				CLANG_WARN_EMPTY_BODY = YES;
				CLANG_WARN_ENUM_CONVERSION = YES;
				CLANG_WARN_INFINITE_RECURSION = YES;
				CLANG_WARN_INT_CONVERSION = YES;
				CLANG_WARN_NON_LITERAL_NULL_CONVERSION = YES;
				CLANG_WARN_OBJC_IMPLICIT_RETAIN_SELF = YES;
				CLANG_WARN_OBJC_LITERAL_CONVERSION = YES;
				CLANG_WARN_OBJC_ROOT_CLASS = YES_ERROR;
				CLANG_WARN_QUOTED_INCLUDE_IN_FRAMEWORK_HEADER = YES;
				CLANG_WARN_RANGE_LOOP_ANALYSIS = YES;
				CLANG_WARN_STRICT_PROTOTYPES = YES;
				CLANG_WARN_SUSPICIOUS_MOVE = YES;
				CLANG_WARN_UNGUARDED_AVAILABILITY = YES_AGGRESSIVE;
				CLANG_WARN_UNREACHABLE_CODE = YES;
				CLANG_WARN__DUPLICATE_METHOD_MATCH = YES;
				COPY_PHASE_STRIP = NO;
				DEBUG_INFORMATION_FORMAT = dwarf;
				ENABLE_STRICT_OBJC_MSGSEND = YES;
				ENABLE_TESTABILITY = YES;
				GCC_C_LANGUAGE_STANDARD = gnu11;
				GCC_DYNAMIC_NO_PIC = NO;
				GCC_NO_COMMON_BLOCKS = YES;
				GCC_OPTIMIZATION_LEVEL = 0;
				GCC_PREPROCESSOR_DEFINITIONS = (
					"DEBUG=1",
					"$(inherited)",
				);
				GCC_WARN_64_TO_32_BIT_CONVERSION = YES;
				GCC_WARN_ABOUT_RETURN_TYPE = YES_ERROR;
				GCC_WARN_UNDECLARED_SELECTOR = YES;
				GCC_WARN_UNINITIALIZED_AUTOS = YES_AGGRESSIVE;
				GCC_WARN_UNUSED_FUNCTION = YES;
				GCC_WARN_UNUSED_VARIABLE = YES;
				IPHONEOS_DEPLOYMENT_TARGET = 16.4;
				MTL_ENABLE_DEBUG_INFO = INCLUDE_SOURCE;
				MTL_FAST_MATH = YES;
				ONLY_ACTIVE_ARCH = YES;
				SDKROOT = iphoneos;
				SWIFT_ACTIVE_COMPILATION_CONDITIONS = DEBUG;
				SWIFT_OPTIMIZATION_LEVEL = "-Onone";
			};
			name = Debug;
		};
		29CDCF3E2AE16DCF00D43689 /* Release */ = {
			isa = XCBuildConfiguration;
			buildSettings = {
				ALWAYS_SEARCH_USER_PATHS = NO;
				CLANG_ANALYZER_NONNULL = YES;
				CLANG_ANALYZER_NUMBER_OBJECT_CONVERSION = YES_AGGRESSIVE;
				CLANG_CXX_LANGUAGE_STANDARD = "gnu++20";
				CLANG_ENABLE_MODULES = YES;
				CLANG_ENABLE_OBJC_ARC = YES;
				CLANG_ENABLE_OBJC_WEAK = YES;
				CLANG_WARN_BLOCK_CAPTURE_AUTORELEASING = YES;
				CLANG_WARN_BOOL_CONVERSION = YES;
				CLANG_WARN_COMMA = YES;
				CLANG_WARN_CONSTANT_CONVERSION = YES;
				CLANG_WARN_DEPRECATED_OBJC_IMPLEMENTATIONS = YES;
				CLANG_WARN_DIRECT_OBJC_ISA_USAGE = YES_ERROR;
				CLANG_WARN_DOCUMENTATION_COMMENTS = YES;
				CLANG_WARN_EMPTY_BODY = YES;
				CLANG_WARN_ENUM_CONVERSION = YES;
				CLANG_WARN_INFINITE_RECURSION = YES;
				CLANG_WARN_INT_CONVERSION = YES;
				CLANG_WARN_NON_LITERAL_NULL_CONVERSION = YES;
				CLANG_WARN_OBJC_IMPLICIT_RETAIN_SELF = YES;
				CLANG_WARN_OBJC_LITERAL_CONVERSION = YES;
				CLANG_WARN_OBJC_ROOT_CLASS = YES_ERROR;
				CLANG_WARN_QUOTED_INCLUDE_IN_FRAMEWORK_HEADER = YES;
				CLANG_WARN_RANGE_LOOP_ANALYSIS = YES;
				CLANG_WARN_STRICT_PROTOTYPES = YES;
				CLANG_WARN_SUSPICIOUS_MOVE = YES;
				CLANG_WARN_UNGUARDED_AVAILABILITY = YES_AGGRESSIVE;
				CLANG_WARN_UNREACHABLE_CODE = YES;
				CLANG_WARN__DUPLICATE_METHOD_MATCH = YES;
				COPY_PHASE_STRIP = NO;
				DEBUG_INFORMATION_FORMAT = "dwarf-with-dsym";
				ENABLE_NS_ASSERTIONS = NO;
				ENABLE_STRICT_OBJC_MSGSEND = YES;
				GCC_C_LANGUAGE_STANDARD = gnu11;
				GCC_NO_COMMON_BLOCKS = YES;
				GCC_WARN_64_TO_32_BIT_CONVERSION = YES;
				GCC_WARN_ABOUT_RETURN_TYPE = YES_ERROR;
				GCC_WARN_UNDECLARED_SELECTOR = YES;
				GCC_WARN_UNINITIALIZED_AUTOS = YES_AGGRESSIVE;
				GCC_WARN_UNUSED_FUNCTION = YES;
				GCC_WARN_UNUSED_VARIABLE = YES;
				IPHONEOS_DEPLOYMENT_TARGET = 16.4;
				MTL_ENABLE_DEBUG_INFO = NO;
				MTL_FAST_MATH = YES;
				SDKROOT = iphoneos;
				SWIFT_COMPILATION_MODE = wholemodule;
				SWIFT_OPTIMIZATION_LEVEL = "-O";
				VALIDATE_PRODUCT = YES;
			};
			name = Release;
		};
		29CDCF402AE16DCF00D43689 /* Debug */ = {
			isa = XCBuildConfiguration;
			buildSettings = {
				ASSETCATALOG_COMPILER_APPICON_NAME = AppIcon;
				ASSETCATALOG_COMPILER_GLOBAL_ACCENT_COLOR_NAME = AccentColor;
				CODE_SIGN_STYLE = Automatic;
				CURRENT_PROJECT_VERSION = 1;
				DEVELOPMENT_ASSET_PATHS = "\"CambioApp/Preview Content\"";
				DEVELOPMENT_TEAM = X74BU6PD2D;
				ENABLE_PREVIEWS = YES;
				GENERATE_INFOPLIST_FILE = YES;
				INFOPLIST_KEY_LSApplicationCategoryType = "public.app-category.finance";
				INFOPLIST_KEY_UIApplicationSceneManifest_Generation = YES;
				INFOPLIST_KEY_UIApplicationSupportsIndirectInputEvents = YES;
				INFOPLIST_KEY_UILaunchScreen_Generation = YES;
				INFOPLIST_KEY_UISupportedInterfaceOrientations = UIInterfaceOrientationPortrait;
				INFOPLIST_KEY_UISupportedInterfaceOrientations_iPad = "UIInterfaceOrientationLandscapeLeft UIInterfaceOrientationLandscapeRight UIInterfaceOrientationPortrait UIInterfaceOrientationPortraitUpsideDown";
				LD_RUNPATH_SEARCH_PATHS = (
					"$(inherited)",
					"@executable_path/Frameworks",
				);
				MARKETING_VERSION = 1.0;
				PRODUCT_BUNDLE_IDENTIFIER = com.eliel.CambioApp;
				PRODUCT_NAME = "$(TARGET_NAME)";
				SUPPORTED_PLATFORMS = "iphoneos iphonesimulator";
				SUPPORTS_MACCATALYST = NO;
				SUPPORTS_MAC_DESIGNED_FOR_IPHONE_IPAD = NO;
				SWIFT_EMIT_LOC_STRINGS = YES;
				SWIFT_VERSION = 5.0;
				TARGETED_DEVICE_FAMILY = 1;
			};
			name = Debug;
		};
		29CDCF412AE16DCF00D43689 /* Release */ = {
			isa = XCBuildConfiguration;
			buildSettings = {
				ASSETCATALOG_COMPILER_APPICON_NAME = AppIcon;
				ASSETCATALOG_COMPILER_GLOBAL_ACCENT_COLOR_NAME = AccentColor;
				CODE_SIGN_STYLE = Automatic;
				CURRENT_PROJECT_VERSION = 1;
				DEVELOPMENT_ASSET_PATHS = "\"CambioApp/Preview Content\"";
				DEVELOPMENT_TEAM = X74BU6PD2D;
				ENABLE_PREVIEWS = YES;
				GENERATE_INFOPLIST_FILE = YES;
				INFOPLIST_KEY_LSApplicationCategoryType = "public.app-category.finance";
				INFOPLIST_KEY_UIApplicationSceneManifest_Generation = YES;
				INFOPLIST_KEY_UIApplicationSupportsIndirectInputEvents = YES;
				INFOPLIST_KEY_UILaunchScreen_Generation = YES;
				INFOPLIST_KEY_UISupportedInterfaceOrientations = UIInterfaceOrientationPortrait;
				INFOPLIST_KEY_UISupportedInterfaceOrientations_iPad = "UIInterfaceOrientationLandscapeLeft UIInterfaceOrientationLandscapeRight UIInterfaceOrientationPortrait UIInterfaceOrientationPortraitUpsideDown";
				LD_RUNPATH_SEARCH_PATHS = (
					"$(inherited)",
					"@executable_path/Frameworks",
				);
				MARKETING_VERSION = 1.0;
				PRODUCT_BUNDLE_IDENTIFIER = com.eliel.CambioApp;
				PRODUCT_NAME = "$(TARGET_NAME)";
				SUPPORTED_PLATFORMS = "iphoneos iphonesimulator";
				SUPPORTS_MACCATALYST = NO;
				SUPPORTS_MAC_DESIGNED_FOR_IPHONE_IPAD = NO;
				SWIFT_EMIT_LOC_STRINGS = YES;
				SWIFT_VERSION = 5.0;
				TARGETED_DEVICE_FAMILY = 1;
			};
			name = Release;
		};
/* End XCBuildConfiguration section */

/* Begin XCConfigurationList section */
		29CDCF2C2AE16DCE00D43689 /* Build configuration list for PBXProject "CambioApp" */ = {
			isa = XCConfigurationList;
			buildConfigurations = (
				29CDCF3D2AE16DCF00D43689 /* Debug */,
				29CDCF3E2AE16DCF00D43689 /* Release */,
			);
			defaultConfigurationIsVisible = 0;
			defaultConfigurationName = Release;
		};
		29CDCF3F2AE16DCF00D43689 /* Build configuration list for PBXNativeTarget "CambioApp" */ = {
			isa = XCConfigurationList;
			buildConfigurations = (
				29CDCF402AE16DCF00D43689 /* Debug */,
				29CDCF412AE16DCF00D43689 /* Release */,
			);
			defaultConfigurationIsVisible = 0;
			defaultConfigurationName = Release;
		};
/* End XCConfigurationList section */
	};
	rootObject = 29CDCF292AE16DCE00D43689 /* Project object */;
}
